// !$*UTF8*$!
{
	archiveVersion = 1;
	classes = {
	};
	objectVersion = 46;
	objects = {

/* Begin PBXBuildFile section */
		285184E41C14544100660D6F /* main.m in Sources */ = {isa = PBXBuildFile; fileRef = 285184E31C14544100660D6F /* main.m */; };
		285184E71C14544100660D6F /* AppDelegate.m in Sources */ = {isa = PBXBuildFile; fileRef = 285184E61C14544100660D6F /* AppDelegate.m */; };
		285184EA1C14544100660D6F /* ViewController.m in Sources */ = {isa = PBXBuildFile; fileRef = 285184E91C14544100660D6F /* ViewController.m */; };
		285184ED1C14544100660D6F /* Main.storyboard in Resources */ = {isa = PBXBuildFile; fileRef = 285184EB1C14544100660D6F /* Main.storyboard */; };
		285184EF1C14544100660D6F /* Assets.xcassets in Resources */ = {isa = PBXBuildFile; fileRef = 285184EE1C14544100660D6F /* Assets.xcassets */; };
		285184F21C14544100660D6F /* LaunchScreen.storyboard in Resources */ = {isa = PBXBuildFile; fileRef = 285184F01C14544100660D6F /* LaunchScreen.storyboard */; };
		285184FD1C14544100660D6F /* myfirstTests.m in Sources */ = {isa = PBXBuildFile; fileRef = 285184FC1C14544100660D6F /* myfirstTests.m */; };
		285185091C14546200660D6F /* TBObject.m in Sources */ = {isa = PBXBuildFile; fileRef = 285185081C14546200660D6F /* TBObject.m */; };
/* End PBXBuildFile section */

/* Begin PBXContainerItemProxy section */
		285184F91C14544100660D6F /* PBXContainerItemProxy */ = {
			isa = PBXContainerItemProxy;
			containerPortal = 285184D71C14544100660D6F /* Project object */;
			proxyType = 1;
			remoteGlobalIDString = 285184DE1C14544100660D6F;
			remoteInfo = myfirst;
		};
/* End PBXContainerItemProxy section */

/* Begin PBXFileReference section */
		285184DF1C14544100660D6F /* myfirst.app */ = {isa = PBXFileReference; explicitFileType = wrapper.application; includeInIndex = 0; path = myfirst.app; sourceTree = BUILT_PRODUCTS_DIR; };
		285184E31C14544100660D6F /* main.m */ = {isa = PBXFileReference; lastKnownFileType = sourcecode.c.objc; path = main.m; sourceTree = "<group>"; };
		285184E51C14544100660D6F /* AppDelegate.h */ = {isa = PBXFileReference; lastKnownFileType = sourcecode.c.h; path = AppDelegate.h; sourceTree = "<group>"; };
		285184E61C14544100660D6F /* AppDelegate.m */ = {isa = PBXFileReference; lastKnownFileType = sourcecode.c.objc; path = AppDelegate.m; sourceTree = "<group>"; };
		285184E81C14544100660D6F /* ViewController.h */ = {isa = PBXFileReference; lastKnownFileType = sourcecode.c.h; path = ViewController.h; sourceTree = "<group>"; };
		285184E91C14544100660D6F /* ViewController.m */ = {isa = PBXFileReference; lastKnownFileType = sourcecode.c.objc; path = ViewController.m; sourceTree = "<group>"; };
		285184EC1C14544100660D6F /* Base */ = {isa = PBXFileReference; lastKnownFileType = file.storyboard; name = Base; path = Base.lproj/Main.storyboard; sourceTree = "<group>"; };
		285184EE1C14544100660D6F /* Assets.xcassets */ = {isa = PBXFileReference; lastKnownFileType = folder.assetcatalog; path = Assets.xcassets; sourceTree = "<group>"; };
		285184F11C14544100660D6F /* Base */ = {isa = PBXFileReference; lastKnownFileType = file.storyboard; name = Base; path = Base.lproj/LaunchScreen.storyboard; sourceTree = "<group>"; };
		285184F31C14544100660D6F /* Info.plist */ = {isa = PBXFileReference; lastKnownFileType = text.plist.xml; path = Info.plist; sourceTree = "<group>"; };
		285184F81C14544100660D6F /* myfirstTests.xctest */ = {isa = PBXFileReference; explicitFileType = wrapper.cfbundle; includeInIndex = 0; path = myfirstTests.xctest; sourceTree = BUILT_PRODUCTS_DIR; };
		285184FC1C14544100660D6F /* myfirstTests.m */ = {isa = PBXFileReference; lastKnownFileType = sourcecode.c.objc; path = myfirstTests.m; sourceTree = "<group>"; };
		285184FE1C14544100660D6F /* Info.plist */ = {isa = PBXFileReference; lastKnownFileType = text.plist.xml; path = Info.plist; sourceTree = "<group>"; };
		285185071C14546200660D6F /* TBObject.h */ = {isa = PBXFileReference; fileEncoding = 4; lastKnownFileType = sourcecode.c.h; path = TBObject.h; sourceTree = "<group>"; };
		285185081C14546200660D6F /* TBObject.m */ = {isa = PBXFileReference; fileEncoding = 4; lastKnownFileType = sourcecode.c.objc; path = TBObject.m; sourceTree = "<group>"; };
/* End PBXFileReference section */

/* Begin PBXFrameworksBuildPhase section */
		285184DC1C14544100660D6F /* Frameworks */ = {
			isa = PBXFrameworksBuildPhase;
			buildActionMask = 2147483647;
			files = (
			);
			runOnlyForDeploymentPostprocessing = 0;
		};
		285184F51C14544100660D6F /* Frameworks */ = {
			isa = PBXFrameworksBuildPhase;
			buildActionMask = 2147483647;
			files = (
			);
			runOnlyForDeploymentPostprocessing = 0;
		};
/* End PBXFrameworksBuildPhase section */

/* Begin PBXGroup section */
		285184D61C14544100660D6F = {
			isa = PBXGroup;
			children = (
				285184E11C14544100660D6F /* myfirst */,
				285184FB1C14544100660D6F /* myfirstTests */,
				285184E01C14544100660D6F /* Products */,
			);
			sourceTree = "<group>";
		};
		285184E01C14544100660D6F /* Products */ = {
			isa = PBXGroup;
			children = (
				285184DF1C14544100660D6F /* myfirst.app */,
				285184F81C14544100660D6F /* myfirstTests.xctest */,
			);
			name = Products;
			sourceTree = "<group>";
		};
		285184E11C14544100660D6F /* myfirst */ = {
			isa = PBXGroup;
			children = (
				285184E51C14544100660D6F /* AppDelegate.h */,
				285184E61C14544100660D6F /* AppDelegate.m */,
				285184E81C14544100660D6F /* ViewController.h */,
				285184E91C14544100660D6F /* ViewController.m */,
				285184EB1C14544100660D6F /* Main.storyboard */,
				285184EE1C14544100660D6F /* Assets.xcassets */,
				285184F01C14544100660D6F /* LaunchScreen.storyboard */,
				285184F31C14544100660D6F /* Info.plist */,
				285184E21C14544100660D6F /* Supporting Files */,
				285185071C14546200660D6F /* TBObject.h */,
				285185081C14546200660D6F /* TBObject.m */,
			);
			path = myfirst;
			sourceTree = "<group>";
		};
		285184E21C14544100660D6F /* Supporting Files */ = {
			isa = PBXGroup;
			children = (
				285184E31C14544100660D6F /* main.m */,
			);
			name = "Supporting Files";
			sourceTree = "<group>";
		};
		285184FB1C14544100660D6F /* myfirstTests */ = {
			isa = PBXGroup;
			children = (
				285184FC1C14544100660D6F /* myfirstTests.m */,
				285184FE1C14544100660D6F /* Info.plist */,
			);
			path = myfirstTests;
			sourceTree = "<group>";
		};
/* End PBXGroup section */

/* Begin PBXNativeTarget section */
		285184DE1C14544100660D6F /* myfirst */ = {
			isa = PBXNativeTarget;
			buildConfigurationList = 285185011C14544200660D6F /* Build configuration list for PBXNativeTarget "myfirst" */;
			buildPhases = (
				285184DB1C14544100660D6F /* Sources */,
				285184DC1C14544100660D6F /* Frameworks */,
				285184DD1C14544100660D6F /* Resources */,
			);
			buildRules = (
			);
			dependencies = (
			);
			name = myfirst;
			productName = myfirst;
			productReference = 285184DF1C14544100660D6F /* myfirst.app */;
			productType = "com.apple.product-type.application";
		};
		285184F71C14544100660D6F /* myfirstTests */ = {
			isa = PBXNativeTarget;
			buildConfigurationList = 285185041C14544200660D6F /* Build configuration list for PBXNativeTarget "myfirstTests" */;
			buildPhases = (
				285184F41C14544100660D6F /* Sources */,
				285184F51C14544100660D6F /* Frameworks */,
				285184F61C14544100660D6F /* Resources */,
			);
			buildRules = (
			);
			dependencies = (
				285184FA1C14544100660D6F /* PBXTargetDependency */,
			);
			name = myfirstTests;
			productName = myfirstTests;
			productReference = 285184F81C14544100660D6F /* myfirstTests.xctest */;
			productType = "com.apple.product-type.bundle.unit-test";
		};
/* End PBXNativeTarget section */

/* Begin PBXProject section */
		285184D71C14544100660D6F /* Project object */ = {
			isa = PBXProject;
			attributes = {
				LastUpgradeCheck = 0710;
				ORGANIZATIONNAME = chebanma;
				TargetAttributes = {
					285184DE1C14544100660D6F = {
						CreatedOnToolsVersion = 7.1.1;
						DevelopmentTeam = RPWZ4QKR9E;
					};
					285184F71C14544100660D6F = {
						CreatedOnToolsVersion = 7.1.1;
						DevelopmentTeam = RPWZ4QKR9E;
						TestTargetID = 285184DE1C14544100660D6F;
					};
				};
			};
			buildConfigurationList = 285184DA1C14544100660D6F /* Build configuration list for PBXProject "myfirst" */;
			compatibilityVersion = "Xcode 3.2";
			developmentRegion = English;
			hasScannedForEncodings = 0;
			knownRegions = (
				en,
				Base,
			);
			mainGroup = 285184D61C14544100660D6F;
			productRefGroup = 285184E01C14544100660D6F /* Products */;
			projectDirPath = "";
			projectRoot = "";
			targets = (
				285184DE1C14544100660D6F /* myfirst */,
				285184F71C14544100660D6F /* myfirstTests */,
			);
		};
/* End PBXProject section */

/* Begin PBXResourcesBuildPhase section */
		285184DD1C14544100660D6F /* Resources */ = {
			isa = PBXResourcesBuildPhase;
			buildActionMask = 2147483647;
			files = (
				285184F21C14544100660D6F /* LaunchScreen.storyboard in Resources */,
				285184EF1C14544100660D6F /* Assets.xcassets in Resources */,
				285184ED1C14544100660D6F /* Main.storyboard in Resources */,
			);
			runOnlyForDeploymentPostprocessing = 0;
		};
		285184F61C14544100660D6F /* Resources */ = {
			isa = PBXResourcesBuildPhase;
			buildActionMask = 2147483647;
			files = (
			);
			runOnlyForDeploymentPostprocessing = 0;
		};
/* End PBXResourcesBuildPhase section */

/* Begin PBXSourcesBuildPhase section */
		285184DB1C14544100660D6F /* Sources */ = {
			isa = PBXSourcesBuildPhase;
			buildActionMask = 2147483647;
			files = (
				285184EA1C14544100660D6F /* ViewController.m in Sources */,
				285184E71C14544100660D6F /* AppDelegate.m in Sources */,
				285185091C14546200660D6F /* TBObject.m in Sources */,
				285184E41C14544100660D6F /* main.m in Sources */,
			);
			runOnlyForDeploymentPostprocessing = 0;
		};
		285184F41C14544100660D6F /* Sources */ = {
			isa = PBXSourcesBuildPhase;
			buildActionMask = 2147483647;
			files = (
				285184FD1C14544100660D6F /* myfirstTests.m in Sources */,
			);
			runOnlyForDeploymentPostprocessing = 0;
		};
/* End PBXSourcesBuildPhase section */

/* Begin PBXTargetDependency section */
		285184FA1C14544100660D6F /* PBXTargetDependency */ = {
			isa = PBXTargetDependency;
			target = 285184DE1C14544100660D6F /* myfirst */;
			targetProxy = 285184F91C14544100660D6F /* PBXContainerItemProxy */;
		};
/* End PBXTargetDependency section */

/* Begin PBXVariantGroup section */
		285184EB1C14544100660D6F /* Main.storyboard */ = {
			isa = PBXVariantGroup;
			children = (
				285184EC1C14544100660D6F /* Base */,
			);
			name = Main.storyboard;
			sourceTree = "<group>";
		};
		285184F01C14544100660D6F /* LaunchScreen.storyboard */ = {
			isa = PBXVariantGroup;
			children = (
				285184F11C14544100660D6F /* Base */,
			);
			name = LaunchScreen.storyboard;
			sourceTree = "<group>";
		};
/* End PBXVariantGroup section */

/* Begin XCBuildConfiguration section */
		285184FF1C14544200660D6F /* Debug */ = {
			isa = XCBuildConfiguration;
			buildSettings = {
				ALWAYS_SEARCH_USER_PATHS = NO;
				CLANG_CXX_LANGUAGE_STANDARD = "gnu++0x";
				CLANG_CXX_LIBRARY = "libc++";
				CLANG_ENABLE_MODULES = YES;
				CLANG_ENABLE_OBJC_ARC = YES;
				CLANG_WARN_BOOL_CONVERSION = YES;
				CLANG_WARN_CONSTANT_CONVERSION = YES;
				CLANG_WARN_DIRECT_OBJC_ISA_USAGE = YES_ERROR;
				CLANG_WARN_EMPTY_BODY = YES;
				CLANG_WARN_ENUM_CONVERSION = YES;
				CLANG_WARN_INT_CONVERSION = YES;
				CLANG_WARN_OBJC_ROOT_CLASS = YES_ERROR;
				CLANG_WARN_UNREACHABLE_CODE = YES;
				CLANG_WARN__DUPLICATE_METHOD_MATCH = YES;
				"CODE_SIGN_IDENTITY[sdk=iphoneos*]" = "iPhone Developer";
				COPY_PHASE_STRIP = NO;
				DEBUG_INFORMATION_FORMAT = dwarf;
				ENABLE_STRICT_OBJC_MSGSEND = YES;
				ENABLE_TESTABILITY = YES;
				GCC_C_LANGUAGE_STANDARD = gnu99;
				GCC_DYNAMIC_NO_PIC = NO;
				GCC_NO_COMMON_BLOCKS = YES;
				GCC_OPTIMIZATION_LEVEL = 0;
				GCC_PREPROCESSOR_DEFINITIONS = (
					"DEBUG=1",
					"$(inherited)",
				);
				GCC_WARN_64_TO_32_BIT_CONVERSION = YES;
				GCC_WARN_ABOUT_RETURN_TYPE = YES_ERROR;
				GCC_WARN_UNDECLARED_SELECTOR = YES;
				GCC_WARN_UNINITIALIZED_AUTOS = YES_AGGRESSIVE;
				GCC_WARN_UNUSED_FUNCTION = YES;
				GCC_WARN_UNUSED_VARIABLE = YES;
				IPHONEOS_DEPLOYMENT_TARGET = 9.1;
				MTL_ENABLE_DEBUG_INFO = YES;
				ONLY_ACTIVE_ARCH = YES;
				SDKROOT = iphoneos;
			};
			name = Debug;
		};
		285185001C14544200660D6F /* Release */ = {
			isa = XCBuildConfiguration;
			buildSettings = {
				ALWAYS_SEARCH_USER_PATHS = NO;
				CLANG_CXX_LANGUAGE_STANDARD = "gnu++0x";
				CLANG_CXX_LIBRARY = "libc++";
				CLANG_ENABLE_MODULES = YES;
				CLANG_ENABLE_OBJC_ARC = YES;
				CLANG_WARN_BOOL_CONVERSION = YES;
				CLANG_WARN_CONSTANT_CONVERSION = YES;
				CLANG_WARN_DIRECT_OBJC_ISA_USAGE = YES_ERROR;
				CLANG_WARN_EMPTY_BODY = YES;
				CLANG_WARN_ENUM_CONVERSION = YES;
				CLANG_WARN_INT_CONVERSION = YES;
				CLANG_WARN_OBJC_ROOT_CLASS = YES_ERROR;
				CLANG_WARN_UNREACHABLE_CODE = YES;
				CLANG_WARN__DUPLICATE_METHOD_MATCH = YES;
				"CODE_SIGN_IDENTITY[sdk=iphoneos*]" = "iPhone Developer";
				COPY_PHASE_STRIP = NO;
				DEBUG_INFORMATION_FORMAT = "dwarf-with-dsym";
				ENABLE_NS_ASSERTIONS = NO;
				ENABLE_STRICT_OBJC_MSGSEND = YES;
				GCC_C_LANGUAGE_STANDARD = gnu99;
				GCC_NO_COMMON_BLOCKS = YES;
				GCC_WARN_64_TO_32_BIT_CONVERSION = YES;
				GCC_WARN_ABOUT_RETURN_TYPE = YES_ERROR;
				GCC_WARN_UNDECLARED_SELECTOR = YES;
				GCC_WARN_UNINITIALIZED_AUTOS = YES_AGGRESSIVE;
				GCC_WARN_UNUSED_FUNCTION = YES;
				GCC_WARN_UNUSED_VARIABLE = YES;
				IPHONEOS_DEPLOYMENT_TARGET = 9.1;
				MTL_ENABLE_DEBUG_INFO = NO;
				SDKROOT = iphoneos;
				VALIDATE_PRODUCT = YES;
			};
			name = Release;
		};
		285185021C14544200660D6F /* Debug */ = {
			isa = XCBuildConfiguration;
			buildSettings = {
				ASSETCATALOG_COMPILER_APPICON_NAME = AppIcon;
				INFOPLIST_FILE = myfirst/Info.plist;
				IPHONEOS_DEPLOYMENT_TARGET = 7.0;
				LD_RUNPATH_SEARCH_PATHS = "$(inherited) @executable_path/Frameworks";
				PRODUCT_BUNDLE_IDENTIFIER = com.chebanma.myfirst;
				PRODUCT_NAME = "$(TARGET_NAME)";
			};
			name = Debug;
		};
		285185031C14544200660D6F /* Release */ = {
			isa = XCBuildConfiguration;
			buildSettings = {
				ASSETCATALOG_COMPILER_APPICON_NAME = AppIcon;
				INFOPLIST_FILE = myfirst/Info.plist;
				IPHONEOS_DEPLOYMENT_TARGET = 7.0;
				LD_RUNPATH_SEARCH_PATHS = "$(inherited) @executable_path/Frameworks";
				PRODUCT_BUNDLE_IDENTIFIER = com.chebanma.myfirst;
				PRODUCT_NAME = "$(TARGET_NAME)";
			};
			name = Release;
		};
		285185051C14544200660D6F /* Debug */ = {
			isa = XCBuildConfiguration;
			buildSettings = {
				BUNDLE_LOADER = "$(TEST_HOST)";
				INFOPLIST_FILE = myfirstTests/Info.plist;
				LD_RUNPATH_SEARCH_PATHS = "$(inherited) @executable_path/Frameworks @loader_path/Frameworks";
				PRODUCT_BUNDLE_IDENTIFIER = com.chebanma.myfirstTests;
				PRODUCT_NAME = "$(TARGET_NAME)";
				TEST_HOST = "$(BUILT_PRODUCTS_DIR)/myfirst.app/myfirst";
			};
			name = Debug;
		};
		285185061C14544200660D6F /* Release */ = {
			isa = XCBuildConfiguration;
			buildSettings = {
				BUNDLE_LOADER = "$(TEST_HOST)";
				INFOPLIST_FILE = myfirstTests/Info.plist;
				LD_RUNPATH_SEARCH_PATHS = "$(inherited) @executable_path/Frameworks @loader_path/Frameworks";
				PRODUCT_BUNDLE_IDENTIFIER = com.chebanma.myfirstTests;
				PRODUCT_NAME = "$(TARGET_NAME)";
				TEST_HOST = "$(BUILT_PRODUCTS_DIR)/myfirst.app/myfirst";
			};
			name = Release;
		};
/* End XCBuildConfiguration section */

/* Begin XCConfigurationList section */
		285184DA1C14544100660D6F /* Build configuration list for PBXProject "myfirst" */ = {
			isa = XCConfigurationList;
			buildConfigurations = (
				285184FF1C14544200660D6F /* Debug */,
				285185001C14544200660D6F /* Release */,
			);
			defaultConfigurationIsVisible = 0;
			defaultConfigurationName = Release;
		};
		285185011C14544200660D6F /* Build configuration list for PBXNativeTarget "myfirst" */ = {
			isa = XCConfigurationList;
			buildConfigurations = (
				285185021C14544200660D6F /* Debug */,
				285185031C14544200660D6F /* Release */,
			);
			defaultConfigurationIsVisible = 0;
		};
		285185041C14544200660D6F /* Build configuration list for PBXNativeTarget "myfirstTests" */ = {
			isa = XCConfigurationList;
			buildConfigurations = (
				285185051C14544200660D6F /* Debug */,
				285185061C14544200660D6F /* Release */,
			);
			defaultConfigurationIsVisible = 0;
		};
/* End XCConfigurationList section */
	};
	rootObject = 285184D71C14544100660D6F /* Project object */;
}
